// !$*UTF8*$!
{
	archiveVersion = 1;
	classes = {
	};
	objectVersion = 55;
	objects = {

/* Begin PBXBuildFile section */
		E300FFED293DDA5700987DCB /* DetailCommentView.swift in Sources */ = {isa = PBXBuildFile; fileRef = E300FFEC293DDA5700987DCB /* DetailCommentView.swift */; };
		E310B519293DAD0800017622 /* PostsAppApp.swift in Sources */ = {isa = PBXBuildFile; fileRef = E310B518293DAD0800017622 /* PostsAppApp.swift */; };
		E310B51B293DAD0800017622 /* PostList.swift in Sources */ = {isa = PBXBuildFile; fileRef = E310B51A293DAD0800017622 /* PostList.swift */; };
		E310B51D293DAD1100017622 /* Assets.xcassets in Resources */ = {isa = PBXBuildFile; fileRef = E310B51C293DAD1100017622 /* Assets.xcassets */; };
		E310B520293DAD1100017622 /* Preview Assets.xcassets in Resources */ = {isa = PBXBuildFile; fileRef = E310B51F293DAD1100017622 /* Preview Assets.xcassets */; };
		E310B527293DAFE700017622 /* Model.swift in Sources */ = {isa = PBXBuildFile; fileRef = E310B526293DAFE700017622 /* Model.swift */; };
		E310B529293DB0E000017622 /* VIewModel.swift in Sources */ = {isa = PBXBuildFile; fileRef = E310B528293DB0E000017622 /* VIewModel.swift */; };
		E310B52B293DB75C00017622 /* DetailPostView.swift in Sources */ = {isa = PBXBuildFile; fileRef = E310B52A293DB75C00017622 /* DetailPostView.swift */; };
		E310B530293DBB7400017622 /* MainView.swift in Sources */ = {isa = PBXBuildFile; fileRef = E310B52F293DBB7400017622 /* MainView.swift */; };
		E310B534293DBECB00017622 /* UserList.swift in Sources */ = {isa = PBXBuildFile; fileRef = E310B533293DBECB00017622 /* UserList.swift */; };
		E38F16AA2942922F00C7DF9D /* RealmSwift in Frameworks */ = {isa = PBXBuildFile; productRef = E38F16A92942922F00C7DF9D /* RealmSwift */; };
		E38F16AC2942F49400C7DF9D /* AddPost.swift in Sources */ = {isa = PBXBuildFile; fileRef = E38F16AB2942F49400C7DF9D /* AddPost.swift */; };
		E38F16AE2943000B00C7DF9D /* PostListData.swift in Sources */ = {isa = PBXBuildFile; fileRef = E38F16AD2943000B00C7DF9D /* PostListData.swift */; };
		E38F16B029431E8F00C7DF9D /* AddedPosts.swift in Sources */ = {isa = PBXBuildFile; fileRef = E38F16AF29431E8F00C7DF9D /* AddedPosts.swift */; };
		E3F962F5293DC69E002A007E /* DetailUserView.swift in Sources */ = {isa = PBXBuildFile; fileRef = E3F962F4293DC69E002A007E /* DetailUserView.swift */; };
		E3F962F7293DD6AD002A007E /* CommentList.swift in Sources */ = {isa = PBXBuildFile; fileRef = E3F962F6293DD6AD002A007E /* CommentList.swift */; };
/* End PBXBuildFile section */

/* Begin PBXFileReference section */
		E300FFEC293DDA5700987DCB /* DetailCommentView.swift */ = {isa = PBXFileReference; lastKnownFileType = sourcecode.swift; path = DetailCommentView.swift; sourceTree = "<group>"; };
		E310B515293DAD0800017622 /* PostsApp.app */ = {isa = PBXFileReference; explicitFileType = wrapper.application; includeInIndex = 0; path = PostsApp.app; sourceTree = BUILT_PRODUCTS_DIR; };
		E310B518293DAD0800017622 /* PostsAppApp.swift */ = {isa = PBXFileReference; lastKnownFileType = sourcecode.swift; path = PostsAppApp.swift; sourceTree = "<group>"; };
		E310B51A293DAD0800017622 /* PostList.swift */ = {isa = PBXFileReference; lastKnownFileType = sourcecode.swift; path = PostList.swift; sourceTree = "<group>"; };
		E310B51C293DAD1100017622 /* Assets.xcassets */ = {isa = PBXFileReference; lastKnownFileType = folder.assetcatalog; path = Assets.xcassets; sourceTree = "<group>"; };
		E310B51F293DAD1100017622 /* Preview Assets.xcassets */ = {isa = PBXFileReference; lastKnownFileType = folder.assetcatalog; path = "Preview Assets.xcassets"; sourceTree = "<group>"; };
		E310B526293DAFE700017622 /* Model.swift */ = {isa = PBXFileReference; lastKnownFileType = sourcecode.swift; path = Model.swift; sourceTree = "<group>"; };
		E310B528293DB0E000017622 /* VIewModel.swift */ = {isa = PBXFileReference; lastKnownFileType = sourcecode.swift; path = VIewModel.swift; sourceTree = "<group>"; };
		E310B52A293DB75C00017622 /* DetailPostView.swift */ = {isa = PBXFileReference; lastKnownFileType = sourcecode.swift; path = DetailPostView.swift; sourceTree = "<group>"; };
		E310B52F293DBB7400017622 /* MainView.swift */ = {isa = PBXFileReference; lastKnownFileType = sourcecode.swift; path = MainView.swift; sourceTree = "<group>"; };
		E310B533293DBECB00017622 /* UserList.swift */ = {isa = PBXFileReference; lastKnownFileType = sourcecode.swift; path = UserList.swift; sourceTree = "<group>"; };
		E38F16AB2942F49400C7DF9D /* AddPost.swift */ = {isa = PBXFileReference; lastKnownFileType = sourcecode.swift; path = AddPost.swift; sourceTree = "<group>"; };
		E38F16AD2943000B00C7DF9D /* PostListData.swift */ = {isa = PBXFileReference; lastKnownFileType = sourcecode.swift; path = PostListData.swift; sourceTree = "<group>"; };
		E38F16AF29431E8F00C7DF9D /* AddedPosts.swift */ = {isa = PBXFileReference; lastKnownFileType = sourcecode.swift; path = AddedPosts.swift; sourceTree = "<group>"; };
		E3F962F4293DC69E002A007E /* DetailUserView.swift */ = {isa = PBXFileReference; lastKnownFileType = sourcecode.swift; path = DetailUserView.swift; sourceTree = "<group>"; };
		E3F962F6293DD6AD002A007E /* CommentList.swift */ = {isa = PBXFileReference; lastKnownFileType = sourcecode.swift; path = CommentList.swift; sourceTree = "<group>"; };
/* End PBXFileReference section */

/* Begin PBXFrameworksBuildPhase section */
		E310B512293DAD0800017622 /* Frameworks */ = {
			isa = PBXFrameworksBuildPhase;
			buildActionMask = 2147483647;
			files = (
				E38F16AA2942922F00C7DF9D /* RealmSwift in Frameworks */,
			);
			runOnlyForDeploymentPostprocessing = 0;
		};
/* End PBXFrameworksBuildPhase section */

/* Begin PBXGroup section */
		E310B50C293DAD0800017622 = {
			isa = PBXGroup;
			children = (
				E310B517293DAD0800017622 /* PostsApp */,
				E310B516293DAD0800017622 /* Products */,
			);
			sourceTree = "<group>";
		};
		E310B516293DAD0800017622 /* Products */ = {
			isa = PBXGroup;
			children = (
				E310B515293DAD0800017622 /* PostsApp.app */,
			);
			name = Products;
			sourceTree = "<group>";
		};
		E310B517293DAD0800017622 /* PostsApp */ = {
			isa = PBXGroup;
			children = (
				E310B52E293DBB5B00017622 /* Models */,
				E310B52D293DBB3600017622 /* ViewModels */,
				E310B52C293DBB2C00017622 /* Views */,
				E310B518293DAD0800017622 /* PostsAppApp.swift */,
				E310B51C293DAD1100017622 /* Assets.xcassets */,
				E310B51E293DAD1100017622 /* Preview Content */,
			);
			path = PostsApp;
			sourceTree = "<group>";
		};
		E310B51E293DAD1100017622 /* Preview Content */ = {
			isa = PBXGroup;
			children = (
				E310B51F293DAD1100017622 /* Preview Assets.xcassets */,
			);
			path = "Preview Content";
			sourceTree = "<group>";
		};
		E310B52C293DBB2C00017622 /* Views */ = {
			isa = PBXGroup;
			children = (
				E310B52F293DBB7400017622 /* MainView.swift */,
				E310B51A293DAD0800017622 /* PostList.swift */,
				E310B533293DBECB00017622 /* UserList.swift */,
				E3F962F6293DD6AD002A007E /* CommentList.swift */,
				E310B52A293DB75C00017622 /* DetailPostView.swift */,
				E3F962F4293DC69E002A007E /* DetailUserView.swift */,
				E300FFEC293DDA5700987DCB /* DetailCommentView.swift */,
				E38F16AF29431E8F00C7DF9D /* AddedPosts.swift */,
				E38F16AB2942F49400C7DF9D /* AddPost.swift */,
			);
			path = Views;
			sourceTree = "<group>";
		};
		E310B52D293DBB3600017622 /* ViewModels */ = {
			isa = PBXGroup;
			children = (
				E310B528293DB0E000017622 /* VIewModel.swift */,
			);
			path = ViewModels;
			sourceTree = "<group>";
		};
		E310B52E293DBB5B00017622 /* Models */ = {
			isa = PBXGroup;
			children = (
				E310B526293DAFE700017622 /* Model.swift */,
				E38F16AD2943000B00C7DF9D /* PostListData.swift */,
			);
			path = Models;
			sourceTree = "<group>";
		};
/* End PBXGroup section */

/* Begin PBXNativeTarget section */
		E310B514293DAD0800017622 /* PostsApp */ = {
			isa = PBXNativeTarget;
			buildConfigurationList = E310B523293DAD1100017622 /* Build configuration list for PBXNativeTarget "PostsApp" */;
			buildPhases = (
				E310B511293DAD0800017622 /* Sources */,
				E310B512293DAD0800017622 /* Frameworks */,
				E310B513293DAD0800017622 /* Resources */,
			);
			buildRules = (
			);
			dependencies = (
			);
			name = PostsApp;
			packageProductDependencies = (
				E38F16A92942922F00C7DF9D /* RealmSwift */,
			);
			productName = PostsApp;
			productReference = E310B515293DAD0800017622 /* PostsApp.app */;
			productType = "com.apple.product-type.application";
		};
/* End PBXNativeTarget section */

/* Begin PBXProject section */
		E310B50D293DAD0800017622 /* Project object */ = {
			isa = PBXProject;
			attributes = {
				BuildIndependentTargetsInParallel = 1;
				LastSwiftUpdateCheck = 1320;
				LastUpgradeCheck = 1320;
				TargetAttributes = {
					E310B514293DAD0800017622 = {
						CreatedOnToolsVersion = 13.2.1;
					};
				};
			};
			buildConfigurationList = E310B510293DAD0800017622 /* Build configuration list for PBXProject "PostsApp" */;
			compatibilityVersion = "Xcode 13.0";
			developmentRegion = en;
			hasScannedForEncodings = 0;
			knownRegions = (
				en,
				Base,
			);
			mainGroup = E310B50C293DAD0800017622;
			packageReferences = (
				E38F16A82942922F00C7DF9D /* XCRemoteSwiftPackageReference "realm-swift" */,
			);
			productRefGroup = E310B516293DAD0800017622 /* Products */;
			projectDirPath = "";
			projectRoot = "";
			targets = (
				E310B514293DAD0800017622 /* PostsApp */,
			);
		};
/* End PBXProject section */

/* Begin PBXResourcesBuildPhase section */
		E310B513293DAD0800017622 /* Resources */ = {
			isa = PBXResourcesBuildPhase;
			buildActionMask = 2147483647;
			files = (
				E310B520293DAD1100017622 /* Preview Assets.xcassets in Resources */,
				E310B51D293DAD1100017622 /* Assets.xcassets in Resources */,
			);
			runOnlyForDeploymentPostprocessing = 0;
		};
/* End PBXResourcesBuildPhase section */

/* Begin PBXSourcesBuildPhase section */
		E310B511293DAD0800017622 /* Sources */ = {
			isa = PBXSourcesBuildPhase;
			buildActionMask = 2147483647;
			files = (
				E3F962F7293DD6AD002A007E /* CommentList.swift in Sources */,
				E310B527293DAFE700017622 /* Model.swift in Sources */,
				E310B530293DBB7400017622 /* MainView.swift in Sources */,
				E300FFED293DDA5700987DCB /* DetailCommentView.swift in Sources */,
				E310B51B293DAD0800017622 /* PostList.swift in Sources */,
				E38F16B029431E8F00C7DF9D /* AddedPosts.swift in Sources */,
				E310B529293DB0E000017622 /* VIewModel.swift in Sources */,
				E3F962F5293DC69E002A007E /* DetailUserView.swift in Sources */,
				E38F16AE2943000B00C7DF9D /* PostListData.swift in Sources */,
				E310B52B293DB75C00017622 /* DetailPostView.swift in Sources */,
				E38F16AC2942F49400C7DF9D /* AddPost.swift in Sources */,
				E310B534293DBECB00017622 /* UserList.swift in Sources */,
				E310B519293DAD0800017622 /* PostsAppApp.swift in Sources */,
			);
			runOnlyForDeploymentPostprocessing = 0;
		};
/* End PBXSourcesBuildPhase section */

/* Begin XCBuildConfiguration section */
		E310B521293DAD1100017622 /* Debug */ = {
			isa = XCBuildConfiguration;
			buildSettings = {
				ALWAYS_SEARCH_USER_PATHS = NO;
				CLANG_ANALYZER_NONNULL = YES;
				CLANG_ANALYZER_NUMBER_OBJECT_CONVERSION = YES_AGGRESSIVE;
				CLANG_CXX_LANGUAGE_STANDARD = "gnu++17";
				CLANG_CXX_LIBRARY = "libc++";
				CLANG_ENABLE_MODULES = YES;
				CLANG_ENABLE_OBJC_ARC = YES;
				CLANG_ENABLE_OBJC_WEAK = YES;
				CLANG_WARN_BLOCK_CAPTURE_AUTORELEASING = YES;
				CLANG_WARN_BOOL_CONVERSION = YES;
				CLANG_WARN_COMMA = YES;
				CLANG_WARN_CONSTANT_CONVERSION = YES;
				CLANG_WARN_DEPRECATED_OBJC_IMPLEMENTATIONS = YES;
				CLANG_WARN_DIRECT_OBJC_ISA_USAGE = YES_ERROR;
				CLANG_WARN_DOCUMENTATION_COMMENTS = YES;
				CLANG_WARN_EMPTY_BODY = YES;
				CLANG_WARN_ENUM_CONVERSION = YES;
				CLANG_WARN_INFINITE_RECURSION = YES;
				CLANG_WARN_INT_CONVERSION = YES;
				CLANG_WARN_NON_LITERAL_NULL_CONVERSION = YES;
				CLANG_WARN_OBJC_IMPLICIT_RETAIN_SELF = YES;
				CLANG_WARN_OBJC_LITERAL_CONVERSION = YES;
				CLANG_WARN_OBJC_ROOT_CLASS = YES_ERROR;
				CLANG_WARN_QUOTED_INCLUDE_IN_FRAMEWORK_HEADER = YES;
				CLANG_WARN_RANGE_LOOP_ANALYSIS = YES;
				CLANG_WARN_STRICT_PROTOTYPES = YES;
				CLANG_WARN_SUSPICIOUS_MOVE = YES;
				CLANG_WARN_UNGUARDED_AVAILABILITY = YES_AGGRESSIVE;
				CLANG_WARN_UNREACHABLE_CODE = YES;
				CLANG_WARN__DUPLICATE_METHOD_MATCH = YES;
				COPY_PHASE_STRIP = NO;
				DEBUG_INFORMATION_FORMAT = dwarf;
				ENABLE_STRICT_OBJC_MSGSEND = YES;
				ENABLE_TESTABILITY = YES;
				GCC_C_LANGUAGE_STANDARD = gnu11;
				GCC_DYNAMIC_NO_PIC = NO;
				GCC_NO_COMMON_BLOCKS = YES;
				GCC_OPTIMIZATION_LEVEL = 0;
				GCC_PREPROCESSOR_DEFINITIONS = (
					"DEBUG=1",
					"$(inherited)",
				);
				GCC_WARN_64_TO_32_BIT_CONVERSION = YES;
				GCC_WARN_ABOUT_RETURN_TYPE = YES_ERROR;
				GCC_WARN_UNDECLARED_SELECTOR = YES;
				GCC_WARN_UNINITIALIZED_AUTOS = YES_AGGRESSIVE;
				GCC_WARN_UNUSED_FUNCTION = YES;
				GCC_WARN_UNUSED_VARIABLE = YES;
				IPHONEOS_DEPLOYMENT_TARGET = 15.2;
				MTL_ENABLE_DEBUG_INFO = INCLUDE_SOURCE;
				MTL_FAST_MATH = YES;
				ONLY_ACTIVE_ARCH = YES;
				SDKROOT = iphoneos;
				SWIFT_ACTIVE_COMPILATION_CONDITIONS = DEBUG;
				SWIFT_OPTIMIZATION_LEVEL = "-Onone";
			};
			name = Debug;
		};
		E310B522293DAD1100017622 /* Release */ = {
			isa = XCBuildConfiguration;
			buildSettings = {
				ALWAYS_SEARCH_USER_PATHS = NO;
				CLANG_ANALYZER_NONNULL = YES;
				CLANG_ANALYZER_NUMBER_OBJECT_CONVERSION = YES_AGGRESSIVE;
				CLANG_CXX_LANGUAGE_STANDARD = "gnu++17";
				CLANG_CXX_LIBRARY = "libc++";
				CLANG_ENABLE_MODULES = YES;
				CLANG_ENABLE_OBJC_ARC = YES;
				CLANG_ENABLE_OBJC_WEAK = YES;
				CLANG_WARN_BLOCK_CAPTURE_AUTORELEASING = YES;
				CLANG_WARN_BOOL_CONVERSION = YES;
				CLANG_WARN_COMMA = YES;
				CLANG_WARN_CONSTANT_CONVERSION = YES;
				CLANG_WARN_DEPRECATED_OBJC_IMPLEMENTATIONS = YES;
				CLANG_WARN_DIRECT_OBJC_ISA_USAGE = YES_ERROR;
				CLANG_WARN_DOCUMENTATION_COMMENTS = YES;
				CLANG_WARN_EMPTY_BODY = YES;
				CLANG_WARN_ENUM_CONVERSION = YES;
				CLANG_WARN_INFINITE_RECURSION = YES;
				CLANG_WARN_INT_CONVERSION = YES;
				CLANG_WARN_NON_LITERAL_NULL_CONVERSION = YES;
				CLANG_WARN_OBJC_IMPLICIT_RETAIN_SELF = YES;
				CLANG_WARN_OBJC_LITERAL_CONVERSION = YES;
				CLANG_WARN_OBJC_ROOT_CLASS = YES_ERROR;
				CLANG_WARN_QUOTED_INCLUDE_IN_FRAMEWORK_HEADER = YES;
				CLANG_WARN_RANGE_LOOP_ANALYSIS = YES;
				CLANG_WARN_STRICT_PROTOTYPES = YES;
				CLANG_WARN_SUSPICIOUS_MOVE = YES;
				CLANG_WARN_UNGUARDED_AVAILABILITY = YES_AGGRESSIVE;
				CLANG_WARN_UNREACHABLE_CODE = YES;
				CLANG_WARN__DUPLICATE_METHOD_MATCH = YES;
				COPY_PHASE_STRIP = NO;
				DEBUG_INFORMATION_FORMAT = "dwarf-with-dsym";
				ENABLE_NS_ASSERTIONS = NO;
				ENABLE_STRICT_OBJC_MSGSEND = YES;
				GCC_C_LANGUAGE_STANDARD = gnu11;
				GCC_NO_COMMON_BLOCKS = YES;
				GCC_WARN_64_TO_32_BIT_CONVERSION = YES;
				GCC_WARN_ABOUT_RETURN_TYPE = YES_ERROR;
				GCC_WARN_UNDECLARED_SELECTOR = YES;
				GCC_WARN_UNINITIALIZED_AUTOS = YES_AGGRESSIVE;
				GCC_WARN_UNUSED_FUNCTION = YES;
				GCC_WARN_UNUSED_VARIABLE = YES;
				IPHONEOS_DEPLOYMENT_TARGET = 15.2;
				MTL_ENABLE_DEBUG_INFO = NO;
				MTL_FAST_MATH = YES;
				SDKROOT = iphoneos;
				SWIFT_COMPILATION_MODE = wholemodule;
				SWIFT_OPTIMIZATION_LEVEL = "-O";
				VALIDATE_PRODUCT = YES;
			};
			name = Release;
		};
		E310B524293DAD1100017622 /* Debug */ = {
			isa = XCBuildConfiguration;
			buildSettings = {
				ASSETCATALOG_COMPILER_APPICON_NAME = AppIcon;
				ASSETCATALOG_COMPILER_GLOBAL_ACCENT_COLOR_NAME = AccentColor;
				CODE_SIGN_STYLE = Automatic;
				CURRENT_PROJECT_VERSION = 1;
				DEVELOPMENT_ASSET_PATHS = "\"PostsApp/Preview Content\"";
				DEVELOPMENT_TEAM = F898W4P72K;
				ENABLE_PREVIEWS = YES;
				GENERATE_INFOPLIST_FILE = YES;
				INFOPLIST_KEY_UIApplicationSceneManifest_Generation = YES;
				INFOPLIST_KEY_UIApplicationSupportsIndirectInputEvents = YES;
				INFOPLIST_KEY_UILaunchScreen_Generation = YES;
				INFOPLIST_KEY_UISupportedInterfaceOrientations_iPad = "UIInterfaceOrientationPortrait UIInterfaceOrientationPortraitUpsideDown UIInterfaceOrientationLandscapeLeft UIInterfaceOrientationLandscapeRight";
				INFOPLIST_KEY_UISupportedInterfaceOrientations_iPhone = "UIInterfaceOrientationPortrait UIInterfaceOrientationLandscapeLeft UIInterfaceOrientationLandscapeRight";
				LD_RUNPATH_SEARCH_PATHS = (
					"$(inherited)",
					"@executable_path/Frameworks",
				);
				MARKETING_VERSION = 1.0;
				PRODUCT_BUNDLE_IDENTIFIER = com.danakmat.PostsApp;
				PRODUCT_NAME = "$(TARGET_NAME)";
				SWIFT_EMIT_LOC_STRINGS = YES;
				SWIFT_VERSION = 5.0;
				TARGETED_DEVICE_FAMILY = "1,2";
			};
			name = Debug;
		};
		E310B525293DAD1100017622 /* Release */ = {
			isa = XCBuildConfiguration;
			buildSettings = {
				ASSETCATALOG_COMPILER_APPICON_NAME = AppIcon;
				ASSETCATALOG_COMPILER_GLOBAL_ACCENT_COLOR_NAME = AccentColor;
				CODE_SIGN_STYLE = Automatic;
				CURRENT_PROJECT_VERSION = 1;
				DEVELOPMENT_ASSET_PATHS = "\"PostsApp/Preview Content\"";
				DEVELOPMENT_TEAM = F898W4P72K;
				ENABLE_PREVIEWS = YES;
				GENERATE_INFOPLIST_FILE = YES;
				INFOPLIST_KEY_UIApplicationSceneManifest_Generation = YES;
				INFOPLIST_KEY_UIApplicationSupportsIndirectInputEvents = YES;
				INFOPLIST_KEY_UILaunchScreen_Generation = YES;
				INFOPLIST_KEY_UISupportedInterfaceOrientations_iPad = "UIInterfaceOrientationPortrait UIInterfaceOrientationPortraitUpsideDown UIInterfaceOrientationLandscapeLeft UIInterfaceOrientationLandscapeRight";
				INFOPLIST_KEY_UISupportedInterfaceOrientations_iPhone = "UIInterfaceOrientationPortrait UIInterfaceOrientationLandscapeLeft UIInterfaceOrientationLandscapeRight";
				LD_RUNPATH_SEARCH_PATHS = (
					"$(inherited)",
					"@executable_path/Frameworks",
				);
				MARKETING_VERSION = 1.0;
				PRODUCT_BUNDLE_IDENTIFIER = com.danakmat.PostsApp;
				PRODUCT_NAME = "$(TARGET_NAME)";
				SWIFT_EMIT_LOC_STRINGS = YES;
				SWIFT_VERSION = 5.0;
				TARGETED_DEVICE_FAMILY = "1,2";
			};
			name = Release;
		};
/* End XCBuildConfiguration section */

/* Begin XCConfigurationList section */
		E310B510293DAD0800017622 /* Build configuration list for PBXProject "PostsApp" */ = {
			isa = XCConfigurationList;
			buildConfigurations = (
				E310B521293DAD1100017622 /* Debug */,
				E310B522293DAD1100017622 /* Release */,
			);
			defaultConfigurationIsVisible = 0;
			defaultConfigurationName = Release;
		};
		E310B523293DAD1100017622 /* Build configuration list for PBXNativeTarget "PostsApp" */ = {
			isa = XCConfigurationList;
			buildConfigurations = (
				E310B524293DAD1100017622 /* Debug */,
				E310B525293DAD1100017622 /* Release */,
			);
			defaultConfigurationIsVisible = 0;
			defaultConfigurationName = Release;
		};
/* End XCConfigurationList section */

/* Begin XCRemoteSwiftPackageReference section */
		E38F16A82942922F00C7DF9D /* XCRemoteSwiftPackageReference "realm-swift" */ = {
			isa = XCRemoteSwiftPackageReference;
			repositoryURL = "https://github.com/realm/realm-swift";
			requirement = {
				branch = master;
				kind = branch;
			};
		};
/* End XCRemoteSwiftPackageReference section */

/* Begin XCSwiftPackageProductDependency section */
		E38F16A92942922F00C7DF9D /* RealmSwift */ = {
			isa = XCSwiftPackageProductDependency;
			package = E38F16A82942922F00C7DF9D /* XCRemoteSwiftPackageReference "realm-swift" */;
			productName = RealmSwift;
		};
/* End XCSwiftPackageProductDependency section */
	};
	rootObject = E310B50D293DAD0800017622 /* Project object */;
}
